
Microsoft Visual Studio Solution File, Format Version 12.00
# Visual Studio Version 17
VisualStudioVersion = 17.8.34309.116
MinimumVisualStudioVersion = 10.0.40219.1
Project("{FAE04EC0-301F-11D3-BF4B-00C04F79EFBC}") = "FlashCards.Desktop", "FlashCards.Desktop.csproj", "{47536305-9B18-41B2-B7A6-859132A974CB}"
EndProject
Global
	GlobalSection(SolutionConfigurationPlatforms) = preSolution
		Debug|Any CPU = Debug|Any CPU
		Release|Any CPU = Release|Any CPU
	EndGlobalSection
	GlobalSection(ProjectConfigurationPlatforms) = postSolution
		{47536305-9B18-41B2-B7A6-859132A974CB}.Debug|Any CPU.ActiveCfg = Debug|Any CPU
		{47536305-9B18-41B2-B7A6-859132A974CB}.Debug|Any CPU.Build.0 = Debug|Any CPU
		{47536305-9B18-41B2-B7A6-859132A974CB}.Release|Any CPU.ActiveCfg = Release|Any CPU
		{47536305-9B18-41B2-B7A6-859132A974CB}.Release|Any CPU.Build.0 = Release|Any CPU
	EndGlobalSection
	GlobalSection(SolutionProperties) = preSolution
		HideSolutionNode = FALSE
	EndGlobalSection
	GlobalSection(ExtensibilityGlobals) = postSolution
		SolutionGuid = {962989E3-EF36-4886-84F1-7C8BEBF799C8}
	EndGlobalSection
EndGlobal
